
Microsoft Visual Studio Solution File, Format Version 12.00
# Visual Studio Version 16
VisualStudioVersion = 16.0.30907.101
MinimumVisualStudioVersion = 10.0.40219.1
Project("{2150E333-8FDC-42A3-9474-1A3956D46DE8}") = "misc", "misc", "{0080EF1F-A652-4498-BE59-F3FFFB3F33B2}"
	ProjectSection(SolutionItems) = preProject
		.gitignore = .gitignore
		.github\workflows\build.yaml = .github\workflows\build.yaml
		LICENSE = LICENSE
		README.md = README.md
	EndProjectSection
EndProject
Project("{9A19103F-16F7-4668-BE54-9A1E7A4F7556}") = "magic.lambda.mysql", "magic.lambda.mysql\magic.lambda.mysql.csproj", "{FB7B0E8D-E923-4958-9DDB-50AFF41949A7}"
EndProject
Project("{9A19103F-16F7-4668-BE54-9A1E7A4F7556}") = "magic.lambda.mysql.tests", "magic.lambda.mysql.tests\magic.lambda.mysql.tests.csproj", "{1053691F-45D5-4198-B08A-15CFEF8614A2}"
EndProject
Global
	GlobalSection(SolutionConfigurationPlatforms) = preSolution
		Debug|Any CPU = Debug|Any CPU
		Release|Any CPU = Release|Any CPU
	EndGlobalSection
	GlobalSection(ProjectConfigurationPlatforms) = postSolution
		{FB7B0E8D-E923-4958-9DDB-50AFF41949A7}.Debug|Any CPU.ActiveCfg = Debug|Any CPU
		{FB7B0E8D-E923-4958-9DDB-50AFF41949A7}.Debug|Any CPU.Build.0 = Debug|Any CPU
		{FB7B0E8D-E923-4958-9DDB-50AFF41949A7}.Release|Any CPU.ActiveCfg = Release|Any CPU
		{FB7B0E8D-E923-4958-9DDB-50AFF41949A7}.Release|Any CPU.Build.0 = Release|Any CPU
		{1053691F-45D5-4198-B08A-15CFEF8614A2}.Debug|Any CPU.ActiveCfg = Debug|Any CPU
		{1053691F-45D5-4198-B08A-15CFEF8614A2}.Debug|Any CPU.Build.0 = Debug|Any CPU
		{1053691F-45D5-4198-B08A-15CFEF8614A2}.Release|Any CPU.ActiveCfg = Release|Any CPU
		{1053691F-45D5-4198-B08A-15CFEF8614A2}.Release|Any CPU.Build.0 = Release|Any CPU
	EndGlobalSection
	GlobalSection(SolutionProperties) = preSolution
		HideSolutionNode = FALSE
	EndGlobalSection
	GlobalSection(ExtensibilityGlobals) = postSolution
		SolutionGuid = {C3F660F4-1CBA-4761-8CEB-2C76D0285B65}
	EndGlobalSection
EndGlobal
